PODS:
  - AFNetworking (3.1.0):
    - AFNetworking/NSURLSession (= 3.1.0)
    - AFNetworking/Reachability (= 3.1.0)
    - AFNetworking/Security (= 3.1.0)
    - AFNetworking/Serialization (= 3.1.0)
    - AFNetworking/UIKit (= 3.1.0)
  - AFNetworking/NSURLSession (3.1.0):
    - AFNetworking/Reachability
    - AFNetworking/Security
    - AFNetworking/Serialization
  - AFNetworking/Reachability (3.1.0)
  - AFNetworking/Security (3.1.0)
  - AFNetworking/Serialization (3.1.0)
  - AFNetworking/UIKit (3.1.0):
    - AFNetworking/NSURLSession
  - CocoaLumberjack (2.2.0):
    - CocoaLumberjack/Default (= 2.2.0)
    - CocoaLumberjack/Extensions (= 2.2.0)
  - CocoaLumberjack/Core (2.2.0)
  - CocoaLumberjack/Default (2.2.0):
    - CocoaLumberjack/Core
  - CocoaLumberjack/Extensions (2.2.0):
    - CocoaLumberjack/Default
  - JSONModel (1.5.1)
  - kc_ios_pojo (0.1.0):
    - JSONModel
  - KurentoToolboxMod (0.3.0):
    - KurentoToolboxMod/Default (= 0.3.0)
  - KurentoToolboxMod/Default (0.3.0):
    - KurentoToolboxMod/JSON-RPC
    - KurentoToolboxMod/Room
    - KurentoToolboxMod/Tree
    - KurentoToolboxMod/WebRTC
  - KurentoToolboxMod/JSON-RPC (0.3.0):
    - KurentoToolboxMod/Utils
    - SBJson (~> 4.0.2)
    - SocketRocket (~> 0.4.1)
  - KurentoToolboxMod/Room (0.3.0):
    - KurentoToolboxMod/JSON-RPC
    - KurentoToolboxMod/Utils
    - KurentoToolboxMod/WebRTC
  - KurentoToolboxMod/Tree (0.3.0):
    - KurentoToolboxMod/JSON-RPC
    - KurentoToolboxMod/Utils
    - KurentoToolboxMod/WebRTC
  - KurentoToolboxMod/Utils (0.3.0):
    - CocoaLumberjack (~> 2.2.0)
  - KurentoToolboxMod/WebRTC (0.3.0):
    - KurentoToolboxMod/Utils
  - OCMapper (2.1)
  - Reachability (3.2)
  - SBJson (4.0.2)
  - SocketRocket (0.4.2)

DEPENDENCIES:
  - AFNetworking
  - kc_ios_pojo (from `../kc_ios_pojo`)
  - KurentoToolboxMod (from `../Kurento-iOS`)
  - OCMapper
  - Reachability (~> 3.2)

EXTERNAL SOURCES:
  kc_ios_pojo:
    :path: ../kc_ios_pojo
  KurentoToolboxMod:
    :path: ../Kurento-iOS

SPEC CHECKSUMS:
  AFNetworking: 5e0e199f73d8626b11e79750991f5d173d1f8b67
  CocoaLumberjack: 17fe8581f84914d5d7e6360f7c70022b173c3ae0
  JSONModel: fd2553dc9e6608a3f35bfc956a14be35395d3852
  kc_ios_pojo: 94cb110e711006b492f95469bfcac90642e58ee1
  KurentoToolboxMod: b94b40e4f8fe1edfbb88a0d32181ece07ea3b6bd
  OCMapper: fa22e7b51de7cc38e66b993037076d28a0f31b29
  Reachability: 33e18b67625424e47b6cde6d202dce689ad7af96
  SBJson: c18691cc18375b14664ff0fec841f8c4faef1934
  SocketRocket: ffe08119b00ef982f6c37052a4705a057c8494ad

PODFILE CHECKSUM: b7f445c76f6a3a580ef08959e9a07de7d8b8c27d

COCOAPODS: 1.0.1
